{
  "name": "Digital-Challenge_Fazbear.JS",
  "lockfileVersion": 3,
  "requires": true,
  "packages": {
    "": {
      "dependencies": {
        "amcharts": "^3.14.5"
      }
    },
    "node_modules/amcharts": {
      "version": "3.14.5",
      "resolved": "https://registry.npmjs.org/amcharts/-/amcharts-3.14.5.tgz",
      "integrity": "sha512-kkRTeI6x3KBdZKk0VbFQ8zzEcLr2U64POw70UM94BHdPgx0NgbE2jGSsj4cUEdXu39WNH0qkdoSDiAKfwztNjA=="
    }
  }
}
